{
  "version": 4,
  "terraform_version": "1.12.2",
  "serial": 11,
  "lineage": "53d1adbc-04c1-8161-6a13-f08f5ddd13dc",
  "outputs": {
    "ecr_backend_url": {
      "value": "949527796968.dkr.ecr.eu-west-1.amazonaws.com/books-backend",
      "type": "string"
    },
    "ecr_frontend_url": {
      "value": "949527796968.dkr.ecr.eu-west-1.amazonaws.com/books-frontend",
      "type": "string"
    },
    "eks_cluster_name": {
      "value": "books-ecommerce-dev-eks",
      "type": "string"
    },
    "jenkins_public_ip": {
      "value": "3.254.135.114",
      "type": "string"
    }
  },
  "resources": [
    {
      "mode": "managed",
      "type": "aws_ecr_repository",
      "name": "backend",
      "provider": "provider[\"registry.terraform.io/hashicorp/aws\"]",
      "instances": [
        {
          "schema_version": 0,
          "attributes": {
            "arn": "arn:aws:ecr:eu-west-1:949527796968:repository/books-backend",
            "encryption_configuration": [
              {
                "encryption_type": "AES256",
                "kms_key": ""
              }
            ],
            "force_delete": null,
            "id": "books-backend",
            "image_scanning_configuration": [
              {
                "scan_on_push": false
              }
            ],
            "image_tag_mutability": "MUTABLE",
            "image_tag_mutability_exclusion_filter": [],
            "name": "books-backend",
            "region": "eu-west-1",
            "registry_id": "949527796968",
            "repository_url": "949527796968.dkr.ecr.eu-west-1.amazonaws.com/books-backend",
            "tags": {},
            "tags_all": {},
            "timeouts": null
          },
          "sensitive_attributes": [],
          "identity_schema_version": 0,
          "identity": {
            "account_id": "949527796968",
            "name": "books-backend",
            "region": "eu-west-1"
          },
          "private": "eyJlMmJmYjczMC1lY2FhLTExZTYtOGY4OC0zNDM2M2JjN2M0YzAiOnsiZGVsZXRlIjoxMjAwMDAwMDAwMDAwfX0="
        }
      ]
    },
    {
      "mode": "managed",
      "type": "aws_ecr_repository",
      "name": "frontend",
      "provider": "provider[\"registry.terraform.io/hashicorp/aws\"]",
      "instances": [
        {
          "schema_version": 0,
          "attributes": {
            "arn": "arn:aws:ecr:eu-west-1:949527796968:repository/books-frontend",
            "encryption_configuration": [
              {
                "encryption_type": "AES256",
                "kms_key": ""
              }
            ],
            "force_delete": null,
            "id": "books-frontend",
            "image_scanning_configuration": [
              {
                "scan_on_push": false
              }
            ],
            "image_tag_mutability": "MUTABLE",
            "image_tag_mutability_exclusion_filter": [],
            "name": "books-frontend",
            "region": "eu-west-1",
            "registry_id": "949527796968",
            "repository_url": "949527796968.dkr.ecr.eu-west-1.amazonaws.com/books-frontend",
            "tags": {},
            "tags_all": {},
            "timeouts": null
          },
          "sensitive_attributes": [],
          "identity_schema_version": 0,
          "identity": {
            "account_id": "949527796968",
            "name": "books-frontend",
            "region": "eu-west-1"
          },
          "private": "eyJlMmJmYjczMC1lY2FhLTExZTYtOGY4OC0zNDM2M2JjN2M0YzAiOnsiZGVsZXRlIjoxMjAwMDAwMDAwMDAwfX0="
        }
      ]
    },
    {
      "mode": "managed",
      "type": "aws_eks_cluster",
      "name": "eks",
      "provider": "provider[\"registry.terraform.io/hashicorp/aws\"]",
      "instances": [
        {
          "schema_version": 1,
          "attributes": {
            "access_config": [
              {
                "authentication_mode": "CONFIG_MAP",
                "bootstrap_cluster_creator_admin_permissions": true
              }
            ],
            "arn": "arn:aws:eks:eu-west-1:949527796968:cluster/books-ecommerce-dev-eks",
            "bootstrap_self_managed_addons": true,
            "certificate_authority": [
              {
                "data": "LS0tLS1CRUdJTiBDRVJUSUZJQ0FURS0tLS0tCk1JSURCVENDQWUyZ0F3SUJBZ0lJVWtqbHRWTGVNUFV3RFFZSktvWklodmNOQVFFTEJRQXdGVEVUTUJFR0ExVUUKQXhNS2EzVmlaWEp1WlhSbGN6QWVGdzB5TlRFeU1qSXhNekUwTlROYUZ3MHpOVEV5TWpBeE16RTVOVE5hTUJVeApFekFSQmdOVkJBTVRDbXQxWW1WeWJtVjBaWE13Z2dFaU1BMEdDU3FHU0liM0RRRUJBUVVBQTRJQkR3QXdnZ0VLCkFvSUJBUURYMkJybUZ2cjNBYXJwMkJrWUxhajI5alczR0xCenlSNCt3TmhXWEt1enVKaXZBbk5kRGw2RUFMeUoKcEc5TStNY1lYS1k4VHpQTmJVWFBGWTZBQVFRQmZqR3JhdU4yRzYxbzM3Y3VHMmdJdkpkWVRUN1hzazh5SW4xcQozZG1WMFVsbUFSdEw1OEpiYUx1c2NYVHl1MnhHZ0xOcldjTi9XbGdpTkE0Z2dQUGd3dFpRSlowbUZBaS9RK2FsClMrMTc1Q3ZJSGg0VzZBeGVORmpNVGtuVU1XNGoxVWg3bnNtY2J6R1ZQK29Qd0V2eWVreGVIY05HQkNtbjFOOEQKd21Yc0Q2TkZoQ0orSCt1R2hqak5kUHhvbi9MVFVkamUvdWxOWkZjbWR2SjZEOGtSMngzMVpLT1Q5ZWxPajdSSgp6NzRyeDJWMlpYTXB5Y1F5MmlmZ1IyMUJGMEp0QWdNQkFBR2pXVEJYTUE0R0ExVWREd0VCL3dRRUF3SUNwREFQCkJnTlZIUk1CQWY4RUJUQURBUUgvTUIwR0ExVWREZ1FXQkJUNVlzaW5nbm5TL1dEc0gxb2FiWTVMcW5KcnZUQVYKQmdOVkhSRUVEakFNZ2dwcmRXSmxjbTVsZEdWek1BMEdDU3FHU0liM0RRRUJDd1VBQTRJQkFRRFRXS0Q3anBjZwpXTFNtMW1YT28rMEJUYTZhYTBxZkZQZFY3bUczaExId2I2WXNhZHFrbTRwT3AvL0htaVRCc1N1K25yNnB1UTRBCnNCNmtOcGNzZGpqRkIxMmJPQVdKQkJyeWxzbjFRb0plaE4zN3NCVmFjVjFCR2tBM2JZL1pxVFVabzQyT1dVZDMKVlZINlVISE5RT3NJenhTWG5pOHcybndJMDZDaDF0dnAreXVueTJKT3ZZbHJHMW1lK2RjR1JiSlZZTXkzMjNqWAplV2ZaOUtPWWtQRHQ0Q0VKMjNuWnFHcmFiQ2pwRVNmd25sVjZ2OC8rN1dDRUNCa21jWXZwQjduOFJ3NkcrWnR5CkQrZ1BhMkVOeVg5SUVHSGFwb0R2Sk5DcERkbTVpMDY2TWE3djJ3amh5TTJwRkhvZ081WnFTVXZVdHVaeDlxeTgKT2Z5QTAyYmN3elYwCi0tLS0tRU5EIENFUlRJRklDQVRFLS0tLS0K"
              }
            ],
            "cluster_id": null,
            "compute_config": [
              {
                "enabled": false,
                "node_pools": [],
                "node_role_arn": ""
              }
            ],
            "control_plane_scaling_config": [
              {
                "tier": "standard"
              }
            ],
            "created_at": "2025-12-22T13:14:02Z",
            "deletion_protection": false,
            "enabled_cluster_log_types": [],
            "encryption_config": [],
            "endpoint": "https://7B2754D625A6DEC0F5579781F5C87FE5.gr7.eu-west-1.eks.amazonaws.com",
            "force_update_version": null,
            "id": "books-ecommerce-dev-eks",
            "identity": [
              {
                "oidc": [
                  {
                    "issuer": "https://oidc.eks.eu-west-1.amazonaws.com/id/7B2754D625A6DEC0F5579781F5C87FE5"
                  }
                ]
              }
            ],
            "kubernetes_network_config": [
              {
                "elastic_load_balancing": [
                  {
                    "enabled": false
                  }
                ],
                "ip_family": "ipv4",
                "service_ipv4_cidr": "10.100.0.0/16",
                "service_ipv6_cidr": ""
              }
            ],
            "name": "books-ecommerce-dev-eks",
            "outpost_config": [],
            "platform_version": "eks.10",
            "region": "eu-west-1",
            "remote_network_config": [],
            "role_arn": "arn:aws:iam::949527796968:role/fqts-dev-eks-master-role",
            "status": "ACTIVE",
            "storage_config": [
              {
                "block_storage": [
                  {
                    "enabled": false
                  }
                ]
              }
            ],
            "tags": {
              "Application": "BooksEcommerce",
              "Environment": "dev",
              "Name": "books-ecommerce-dev-eks",
              "Owner": "shocki"
            },
            "tags_all": {
              "Application": "BooksEcommerce",
              "Environment": "dev",
              "Name": "books-ecommerce-dev-eks",
              "Owner": "shocki"
            },
            "timeouts": null,
            "upgrade_policy": [
              {
                "support_type": "EXTENDED"
              }
            ],
            "version": "1.34",
            "vpc_config": [
              {
                "cluster_security_group_id": "sg-0a38ee4f176d52d34",
                "endpoint_private_access": false,
                "endpoint_public_access": true,
                "public_access_cidrs": [
                  "0.0.0.0/0"
                ],
                "security_group_ids": [],
                "subnet_ids": [
                  "subnet-0445ad7f30dc49eb0",
                  "subnet-0ee3e27d41ca239d6"
                ],
                "vpc_id": "vpc-020cdb293828a27e7"
              }
            ],
            "zonal_shift_config": []
          },
          "sensitive_attributes": [],
          "identity_schema_version": 0,
          "private": "eyJlMmJmYjczMC1lY2FhLTExZTYtOGY4OC0zNDM2M2JjN2M0YzAiOnsiY3JlYXRlIjoxODAwMDAwMDAwMDAwLCJkZWxldGUiOjkwMDAwMDAwMDAwMCwidXBkYXRlIjozNjAwMDAwMDAwMDAwfSwic2NoZW1hX3ZlcnNpb24iOiIxIn0="
        }
      ]
    },
    {
      "mode": "managed",
      "type": "aws_eks_node_group",
      "name": "backend",
      "provider": "provider[\"registry.terraform.io/hashicorp/aws\"]",
      "instances": [
        {
          "schema_version": 0,
          "attributes": {
            "ami_type": "AL2023_x86_64_STANDARD",
            "arn": "arn:aws:eks:eu-west-1:949527796968:nodegroup/books-ecommerce-dev-eks/books-ecommerce-dev-backend-group/14cda31f-0194-901a-692f-e54abb82cf68",
            "capacity_type": "ON_DEMAND",
            "cluster_name": "books-ecommerce-dev-eks",
            "disk_size": 20,
            "force_update_version": null,
            "id": "books-ecommerce-dev-eks:books-ecommerce-dev-backend-group",
            "instance_types": [
              "t3.medium"
            ],
            "labels": {
              "env": "dev"
            },
            "launch_template": [],
            "node_group_name": "books-ecommerce-dev-backend-group",
            "node_group_name_prefix": "",
            "node_repair_config": [],
            "node_role_arn": "arn:aws:iam::949527796968:role/fqts-dev-eks-worker-role",
            "region": "eu-west-1",
            "release_version": "1.34.2-20251209",
            "remote_access": [
              {
                "ec2_ssh_key": "fqts-demo-key",
                "source_security_group_ids": [
                  "sg-0e7a5677cf539a795"
                ]
              }
            ],
            "resources": [
              {
                "autoscaling_groups": [
                  {
                    "name": "eks-books-ecommerce-dev-backend-group-14cda31f-0194-901a-692f-e54abb82cf68"
                  }
                ],
                "remote_access_security_group_id": "sg-0cfce6435176fda3d"
              }
            ],
            "scaling_config": [
              {
                "desired_size": 2,
                "max_size": 3,
                "min_size": 1
              }
            ],
            "status": "ACTIVE",
            "subnet_ids": [
              "subnet-0445ad7f30dc49eb0",
              "subnet-0ee3e27d41ca239d6"
            ],
            "tags": {
              "Application": "BooksEcommerce",
              "Environment": "dev",
              "Name": "books-ecommerce-dev-eks",
              "Owner": "shocki"
            },
            "tags_all": {
              "Application": "BooksEcommerce",
              "Environment": "dev",
              "Name": "books-ecommerce-dev-eks",
              "Owner": "shocki"
            },
            "taint": [],
            "timeouts": null,
            "update_config": [
              {
                "max_unavailable": 1,
                "max_unavailable_percentage": 0,
                "update_strategy": ""
              }
            ],
            "version": "1.34"
          },
          "sensitive_attributes": [],
          "identity_schema_version": 0,
          "private": "eyJlMmJmYjczMC1lY2FhLTExZTYtOGY4OC0zNDM2M2JjN2M0YzAiOnsiY3JlYXRlIjozNjAwMDAwMDAwMDAwLCJkZWxldGUiOjM2MDAwMDAwMDAwMDAsInVwZGF0ZSI6MzYwMDAwMDAwMDAwMH19",
          "dependencies": [
            "aws_eks_cluster.eks"
          ]
        }
      ]
    },
    {
      "mode": "managed",
      "type": "aws_instance",
      "name": "jenkins",
      "provider": "provider[\"registry.terraform.io/hashicorp/aws\"]",
      "instances": [
        {
          "schema_version": 2,
          "attributes": {
            "ami": "ami-0f64121fa59598bf7",
            "arn": "arn:aws:ec2:eu-west-1:949527796968:instance/i-0afece6677a30315f",
            "associate_public_ip_address": true,
            "availability_zone": "eu-west-1a",
            "capacity_reservation_specification": [
              {
                "capacity_reservation_preference": "open",
                "capacity_reservation_target": []
              }
            ],
            "cpu_options": [
              {
                "amd_sev_snp": "",
                "core_count": 2,
                "threads_per_core": 1
              }
            ],
            "credit_specification": [
              {
                "cpu_credits": "standard"
              }
            ],
            "disable_api_stop": false,
            "disable_api_termination": false,
            "ebs_block_device": [],
            "ebs_optimized": false,
            "enable_primary_ipv6": null,
            "enclave_options": [
              {
                "enabled": false
              }
            ],
            "ephemeral_block_device": [],
            "force_destroy": false,
            "get_password_data": false,
            "hibernation": false,
            "host_id": "",
            "host_resource_group_arn": null,
            "iam_instance_profile": "",
            "id": "i-0afece6677a30315f",
            "instance_initiated_shutdown_behavior": "stop",
            "instance_lifecycle": "",
            "instance_market_options": [],
            "instance_state": "running",
            "instance_type": "t2.medium",
            "ipv6_address_count": 0,
            "ipv6_addresses": [],
            "key_name": "fqts-demo-key",
            "launch_template": [],
            "maintenance_options": [
              {
                "auto_recovery": "default"
              }
            ],
            "metadata_options": [
              {
                "http_endpoint": "enabled",
                "http_protocol_ipv6": "disabled",
                "http_put_response_hop_limit": 2,
                "http_tokens": "required",
                "instance_metadata_tags": "disabled"
              }
            ],
            "monitoring": false,
            "network_interface": [],
            "outpost_arn": "",
            "password_data": "",
            "placement_group": "",
            "placement_group_id": "",
            "placement_partition_number": 0,
            "primary_network_interface": [
              {
                "delete_on_termination": true,
                "network_interface_id": "eni-0577c34788ce00062"
              }
            ],
            "primary_network_interface_id": "eni-0577c34788ce00062",
            "private_dns": "ip-172-31-38-86.eu-west-1.compute.internal",
            "private_dns_name_options": [
              {
                "enable_resource_name_dns_a_record": false,
                "enable_resource_name_dns_aaaa_record": false,
                "hostname_type": "ip-name"
              }
            ],
            "private_ip": "172.31.38.86",
            "public_dns": "ec2-3-254-135-114.eu-west-1.compute.amazonaws.com",
            "public_ip": "3.254.135.114",
            "region": "eu-west-1",
            "root_block_device": [
              {
                "delete_on_termination": true,
                "device_name": "/dev/xvda",
                "encrypted": false,
                "iops": 3000,
                "kms_key_id": "",
                "tags": {},
                "tags_all": {},
                "throughput": 125,
                "volume_id": "vol-0767452c605d047a4",
                "volume_size": 8,
                "volume_type": "gp3"
              }
            ],
            "secondary_private_ips": [],
            "security_groups": [
              "fqts-dev-eks-ssh-sg"
            ],
            "source_dest_check": true,
            "spot_instance_request_id": "",
            "subnet_id": "subnet-0445ad7f30dc49eb0",
            "tags": {
              "Name": "jenkins-server"
            },
            "tags_all": {
              "Name": "jenkins-server"
            },
            "tenancy": "default",
            "timeouts": null,
            "user_data": null,
            "user_data_base64": null,
            "user_data_replace_on_change": false,
            "volume_tags": null,
            "vpc_security_group_ids": [
              "sg-0e7a5677cf539a795"
            ]
          },
          "sensitive_attributes": [],
          "identity_schema_version": 0,
          "identity": {
            "account_id": "949527796968",
            "id": "i-0afece6677a30315f",
            "region": "eu-west-1"
          },
          "private": "eyJlMmJmYjczMC1lY2FhLTExZTYtOGY4OC0zNDM2M2JjN2M0YzAiOnsiY3JlYXRlIjo2MDAwMDAwMDAwMDAsImRlbGV0ZSI6MTIwMDAwMDAwMDAwMCwicmVhZCI6OTAwMDAwMDAwMDAwLCJ1cGRhdGUiOjYwMDAwMDAwMDAwMH0sInNjaGVtYV92ZXJzaW9uIjoiMiJ9"
        }
      ]
    }
  ],
  "check_results": null
}
